
Microsoft Visual Studio Solution File, Format Version 12.00
# Visual Studio Version 16
VisualStudioVersion = 16.0.31105.61
MinimumVisualStudioVersion = 10.0.40219.1
Project("{8BC9CEB8-8B4A-11D0-8D11-00A0C91BC942}") = "Project6", "Project6\Project6.vcxproj", "{855DF471-852F-499F-B876-04E4F1621171}"
EndProject
Project("{8BC9CEB8-8B4A-11D0-8D11-00A0C91BC942}") = "Sample-Test1", "Sample-Test1\Sample-Test1.vcxproj", "{B31C9659-C998-4E2A-9F54-E5F7432FCB62}"
EndProject
Project("{2150E333-8FDC-42A3-9474-1A3956D46DE8}") = "Solution Items", "Solution Items", "{A651AEA6-C337-4F15-B8BE-89B0CE21D188}"
	ProjectSection(SolutionItems) = preProject
		.gitignore = .gitignore
	EndProjectSection
EndProject
Global
	GlobalSection(SolutionConfigurationPlatforms) = preSolution
		Debug|x64 = Debug|x64
		Debug|x86 = Debug|x86
		Release|x64 = Release|x64
		Release|x86 = Release|x86
	EndGlobalSection
	GlobalSection(ProjectConfigurationPlatforms) = postSolution
		{855DF471-852F-499F-B876-04E4F1621171}.Debug|x64.ActiveCfg = Debug|x64
		{855DF471-852F-499F-B876-04E4F1621171}.Debug|x64.Build.0 = Debug|x64
		{855DF471-852F-499F-B876-04E4F1621171}.Debug|x86.ActiveCfg = Debug|Win32
		{855DF471-852F-499F-B876-04E4F1621171}.Debug|x86.Build.0 = Debug|Win32
		{855DF471-852F-499F-B876-04E4F1621171}.Release|x64.ActiveCfg = Release|x64
		{855DF471-852F-499F-B876-04E4F1621171}.Release|x64.Build.0 = Release|x64
		{855DF471-852F-499F-B876-04E4F1621171}.Release|x86.ActiveCfg = Release|Win32
		{855DF471-852F-499F-B876-04E4F1621171}.Release|x86.Build.0 = Release|Win32
		{B31C9659-C998-4E2A-9F54-E5F7432FCB62}.Debug|x64.ActiveCfg = Debug|x64
		{B31C9659-C998-4E2A-9F54-E5F7432FCB62}.Debug|x64.Build.0 = Debug|x64
		{B31C9659-C998-4E2A-9F54-E5F7432FCB62}.Debug|x86.ActiveCfg = Debug|Win32
		{B31C9659-C998-4E2A-9F54-E5F7432FCB62}.Debug|x86.Build.0 = Debug|Win32
		{B31C9659-C998-4E2A-9F54-E5F7432FCB62}.Release|x64.ActiveCfg = Release|x64
		{B31C9659-C998-4E2A-9F54-E5F7432FCB62}.Release|x64.Build.0 = Release|x64
		{B31C9659-C998-4E2A-9F54-E5F7432FCB62}.Release|x86.ActiveCfg = Release|Win32
		{B31C9659-C998-4E2A-9F54-E5F7432FCB62}.Release|x86.Build.0 = Release|Win32
	EndGlobalSection
	GlobalSection(SolutionProperties) = preSolution
		HideSolutionNode = FALSE
	EndGlobalSection
	GlobalSection(ExtensibilityGlobals) = postSolution
		SolutionGuid = {9276EC91-6E0F-4DB7-9B87-135DE06393CA}
	EndGlobalSection
EndGlobal
